{
    "name": "@mergehez/cli",
    "version": "0.0.13",
    "lockfileVersion": 3,
    "requires": true,
    "packages": {
        "": {
            "name": "@mergehez/cli",
            "version": "0.0.13",
            "license": "MIT",
            "dependencies": {
                "chalk": "^5.3.0",
                "file-saver": "^2.0.5",
                "jszip": "^3.10.1",
                "node-ssh": "^13.1.0",
                "prompt-sync": "^4.2.0",
                "typescript": "^5.0.2"
            },
            "bin": {
                "ftp-deploy": "dist/ftp-deploy.mjs",
                "git-switch": "dist/git-switch.mjs"
            },
            "devDependencies": {
                "@types/file-saver": "^2.0.6",
                "@types/node": "^20.8.9",
                "@types/prompt-sync": "^4.2.2",
                "esbuild": "0.16.10",
                "ignore": "^5.2.4",
                "php-parser": "^3.1.5"
            }
        },
        "node_modules/@esbuild/android-arm": {
            "version": "0.16.10",
            "resolved": "https://registry.npmjs.org/@esbuild/android-arm/-/android-arm-0.16.10.tgz",
            "integrity": "sha512-RmJjQTRrO6VwUWDrzTBLmV4OJZTarYsiepLGlF2rYTVB701hSorPywPGvP6d8HCuuRibyXa5JX4s3jN2kHEtjQ==",
            "cpu": [
                "arm"
            ],
            "dev": true,
            "optional": true,
            "os": [
                "android"
            ],
            "engines": {
                "node": ">=12"
            }
        },
        "node_modules/@esbuild/android-arm64": {
            "version": "0.16.10",
            "resolved": "https://registry.npmjs.org/@esbuild/android-arm64/-/android-arm64-0.16.10.tgz",
            "integrity": "sha512-47Y+NwVKTldTlDhSgJHZ/RpvBQMUDG7eKihqaF/u6g7s0ZPz4J1vy8A3rwnnUOF2CuDn7w7Gj/QcMoWz3U3SJw==",
            "cpu": [
                "arm64"
            ],
            "dev": true,
            "optional": true,
            "os": [
                "android"
            ],
            "engines": {
                "node": ">=12"
            }
        },
        "node_modules/@esbuild/android-x64": {
            "version": "0.16.10",
            "resolved": "https://registry.npmjs.org/@esbuild/android-x64/-/android-x64-0.16.10.tgz",
            "integrity": "sha512-C4PfnrBMcuAcOurQzpF1tTtZz94IXO5JmICJJ3NFJRHbXXsQUg9RFG45KvydKqtFfBaFLCHpduUkUfXwIvGnRg==",
            "cpu": [
                "x64"
            ],
            "dev": true,
            "optional": true,
            "os": [
                "android"
            ],
            "engines": {
                "node": ">=12"
            }
        },
        "node_modules/@esbuild/darwin-arm64": {
            "version": "0.16.10",
            "resolved": "https://registry.npmjs.org/@esbuild/darwin-arm64/-/darwin-arm64-0.16.10.tgz",
            "integrity": "sha512-bH/bpFwldyOKdi9HSLCLhhKeVgRYr9KblchwXgY2NeUHBB/BzTUHtUSBgGBmpydB1/4E37m+ggXXfSrnD7/E7g==",
            "cpu": [
                "arm64"
            ],
            "dev": true,
            "optional": true,
            "os": [
                "darwin"
            ],
            "engines": {
                "node": ">=12"
            }
        },
        "node_modules/@esbuild/darwin-x64": {
            "version": "0.16.10",
            "resolved": "https://registry.npmjs.org/@esbuild/darwin-x64/-/darwin-x64-0.16.10.tgz",
            "integrity": "sha512-OXt7ijoLuy+AjDSKQWu+KdDFMBbdeaL6wtgMKtDUXKWHiAMKHan5+R1QAG6HD4+K0nnOvEJXKHeA9QhXNAjOTQ==",
            "cpu": [
                "x64"
            ],
            "dev": true,
            "optional": true,
            "os": [
                "darwin"
            ],
            "engines": {
                "node": ">=12"
            }
        },
        "node_modules/@esbuild/freebsd-arm64": {
            "version": "0.16.10",
            "resolved": "https://registry.npmjs.org/@esbuild/freebsd-arm64/-/freebsd-arm64-0.16.10.tgz",
            "integrity": "sha512-shSQX/3GHuspE3Uxtq5kcFG/zqC+VuMnJkqV7LczO41cIe6CQaXHD3QdMLA4ziRq/m0vZo7JdterlgbmgNIAlQ==",
            "cpu": [
                "arm64"
            ],
            "dev": true,
            "optional": true,
            "os": [
                "freebsd"
            ],
            "engines": {
                "node": ">=12"
            }
        },
        "node_modules/@esbuild/freebsd-x64": {
            "version": "0.16.10",
            "resolved": "https://registry.npmjs.org/@esbuild/freebsd-x64/-/freebsd-x64-0.16.10.tgz",
            "integrity": "sha512-5YVc1zdeaJGASijZmTzSO4h6uKzsQGG3pkjI6fuXvolhm3hVRhZwnHJkforaZLmzvNv5Tb7a3QL2FAVmrgySIA==",
            "cpu": [
                "x64"
            ],
            "dev": true,
            "optional": true,
            "os": [
                "freebsd"
            ],
            "engines": {
                "node": ">=12"
            }
        },
        "node_modules/@esbuild/linux-arm": {
            "version": "0.16.10",
            "resolved": "https://registry.npmjs.org/@esbuild/linux-arm/-/linux-arm-0.16.10.tgz",
            "integrity": "sha512-c360287ZWI2miBnvIj23bPyVctgzeMT2kQKR+x94pVqIN44h3GF8VMEs1SFPH1UgyDr3yBbx3vowDS1SVhyVhA==",
            "cpu": [
                "arm"
            ],
            "dev": true,
            "optional": true,
            "os": [
                "linux"
            ],
            "engines": {
                "node": ">=12"
            }
        },
        "node_modules/@esbuild/linux-arm64": {
            "version": "0.16.10",
            "resolved": "https://registry.npmjs.org/@esbuild/linux-arm64/-/linux-arm64-0.16.10.tgz",
            "integrity": "sha512-2aqeNVxIaRfPcIaMZIFoblLh588sWyCbmj1HHCCs9WmeNWm+EIN0SmvsmPvTa/TsNZFKnxTcvkX2eszTcCqIrA==",
            "cpu": [
                "arm64"
            ],
            "dev": true,
            "optional": true,
            "os": [
                "linux"
            ],
            "engines": {
                "node": ">=12"
            }
        },
        "node_modules/@esbuild/linux-ia32": {
            "version": "0.16.10",
            "resolved": "https://registry.npmjs.org/@esbuild/linux-ia32/-/linux-ia32-0.16.10.tgz",
            "integrity": "sha512-sqMIEWeyrLGU7J5RB5fTkLRIFwsgsQ7ieWXlDLEmC2HblPYGb3AucD7inw2OrKFpRPKsec1l+lssiM3+NV5aOw==",
            "cpu": [
                "ia32"
            ],
            "dev": true,
            "optional": true,
            "os": [
                "linux"
            ],
            "engines": {
                "node": ">=12"
            }
        },
        "node_modules/@esbuild/linux-loong64": {
            "version": "0.16.10",
            "resolved": "https://registry.npmjs.org/@esbuild/linux-loong64/-/linux-loong64-0.16.10.tgz",
            "integrity": "sha512-O7Pd5hLEtTg37NC73pfhUOGTjx/+aXu5YoSq3ahCxcN7Bcr2F47mv+kG5t840thnsEzrv0oB70+LJu3gUgchvg==",
            "cpu": [
                "loong64"
            ],
            "dev": true,
            "optional": true,
            "os": [
                "linux"
            ],
            "engines": {
                "node": ">=12"
            }
        },
        "node_modules/@esbuild/linux-mips64el": {
            "version": "0.16.10",
            "resolved": "https://registry.npmjs.org/@esbuild/linux-mips64el/-/linux-mips64el-0.16.10.tgz",
            "integrity": "sha512-FN8mZOH7531iPHM0kaFhAOqqNHoAb6r/YHW2ZIxNi0a85UBi2DO4Vuyn7t1p4UN8a4LoAnLOT1PqNgHkgBJgbA==",
            "cpu": [
                "mips64el"
            ],
            "dev": true,
            "optional": true,
            "os": [
                "linux"
            ],
            "engines": {
                "node": ">=12"
            }
        },
        "node_modules/@esbuild/linux-ppc64": {
            "version": "0.16.10",
            "resolved": "https://registry.npmjs.org/@esbuild/linux-ppc64/-/linux-ppc64-0.16.10.tgz",
            "integrity": "sha512-Dg9RiqdvHOAWnOKIOTsIx8dFX9EDlY2IbPEY7YFzchrCiTZmMkD7jWA9UdZbNUygPjdmQBVPRCrLydReFlX9yg==",
            "cpu": [
                "ppc64"
            ],
            "dev": true,
            "optional": true,
            "os": [
                "linux"
            ],
            "engines": {
                "node": ">=12"
            }
        },
        "node_modules/@esbuild/linux-riscv64": {
            "version": "0.16.10",
            "resolved": "https://registry.npmjs.org/@esbuild/linux-riscv64/-/linux-riscv64-0.16.10.tgz",
            "integrity": "sha512-XMqtpjwzbmlar0BJIxmzu/RZ7EWlfVfH68Vadrva0Wj5UKOdKvqskuev2jY2oPV3aoQUyXwnMbMrFmloO2GfAw==",
            "cpu": [
                "riscv64"
            ],
            "dev": true,
            "optional": true,
            "os": [
                "linux"
            ],
            "engines": {
                "node": ">=12"
            }
        },
        "node_modules/@esbuild/linux-s390x": {
            "version": "0.16.10",
            "resolved": "https://registry.npmjs.org/@esbuild/linux-s390x/-/linux-s390x-0.16.10.tgz",
            "integrity": "sha512-fu7XtnoeRNFMx8DjK3gPWpFBDM2u5ba+FYwg27SjMJwKvJr4bDyKz5c+FLXLUSSAkMAt/UL+cUbEbra+rYtUgw==",
            "cpu": [
                "s390x"
            ],
            "dev": true,
            "optional": true,
            "os": [
                "linux"
            ],
            "engines": {
                "node": ">=12"
            }
        },
        "node_modules/@esbuild/linux-x64": {
            "version": "0.16.10",
            "resolved": "https://registry.npmjs.org/@esbuild/linux-x64/-/linux-x64-0.16.10.tgz",
            "integrity": "sha512-61lcjVC/RldNNMUzQQdyCWjCxp9YLEQgIxErxU9XluX7juBdGKb0pvddS0vPNuCvotRbzijZ1pzII+26haWzbA==",
            "cpu": [
                "x64"
            ],
            "dev": true,
            "optional": true,
            "os": [
                "linux"
            ],
            "engines": {
                "node": ">=12"
            }
        },
        "node_modules/@esbuild/netbsd-x64": {
            "version": "0.16.10",
            "resolved": "https://registry.npmjs.org/@esbuild/netbsd-x64/-/netbsd-x64-0.16.10.tgz",
            "integrity": "sha512-JeZXCX3viSA9j4HqSoygjssdqYdfHd6yCFWyfSekLbz4Ef+D2EjvsN02ZQPwYl5a5gg/ehdHgegHhlfOFP0HCA==",
            "cpu": [
                "x64"
            ],
            "dev": true,
            "optional": true,
            "os": [
                "netbsd"
            ],
            "engines": {
                "node": ">=12"
            }
        },
        "node_modules/@esbuild/openbsd-x64": {
            "version": "0.16.10",
            "resolved": "https://registry.npmjs.org/@esbuild/openbsd-x64/-/openbsd-x64-0.16.10.tgz",
            "integrity": "sha512-3qpxQKuEVIIg8SebpXsp82OBrqjPV/OwNWmG+TnZDr3VGyChNnGMHccC1xkbxCHDQNnnXjxhMQNyHmdFJbmbRA==",
            "cpu": [
                "x64"
            ],
            "dev": true,
            "optional": true,
            "os": [
                "openbsd"
            ],
            "engines": {
                "node": ">=12"
            }
        },
        "node_modules/@esbuild/sunos-x64": {
            "version": "0.16.10",
            "resolved": "https://registry.npmjs.org/@esbuild/sunos-x64/-/sunos-x64-0.16.10.tgz",
            "integrity": "sha512-z+q0xZ+et/7etz7WoMyXTHZ1rB8PMSNp/FOqURLJLOPb3GWJ2aj4oCqFCjPwEbW1rsT7JPpxeH/DwGAWk/I1Bg==",
            "cpu": [
                "x64"
            ],
            "dev": true,
            "optional": true,
            "os": [
                "sunos"
            ],
            "engines": {
                "node": ">=12"
            }
        },
        "node_modules/@esbuild/win32-arm64": {
            "version": "0.16.10",
            "resolved": "https://registry.npmjs.org/@esbuild/win32-arm64/-/win32-arm64-0.16.10.tgz",
            "integrity": "sha512-+YYu5sbQ9npkNT9Dec+tn1F/kjg6SMgr6bfi/6FpXYZvCRfu2YFPZGb+3x8K30s8eRxFpoG4sGhiSUkr1xbHEw==",
            "cpu": [
                "arm64"
            ],
            "dev": true,
            "optional": true,
            "os": [
                "win32"
            ],
            "engines": {
                "node": ">=12"
            }
        },
        "node_modules/@esbuild/win32-ia32": {
            "version": "0.16.10",
            "resolved": "https://registry.npmjs.org/@esbuild/win32-ia32/-/win32-ia32-0.16.10.tgz",
            "integrity": "sha512-Aw7Fupk7XNehR1ftHGYwUteyJ2q+em/aE+fVU3YMTBN2V5A7Z4aVCSV+SvCp9HIIHZavPFBpbdP3VfjQpdf6Xg==",
            "cpu": [
                "ia32"
            ],
            "dev": true,
            "optional": true,
            "os": [
                "win32"
            ],
            "engines": {
                "node": ">=12"
            }
        },
        "node_modules/@esbuild/win32-x64": {
            "version": "0.16.10",
            "resolved": "https://registry.npmjs.org/@esbuild/win32-x64/-/win32-x64-0.16.10.tgz",
            "integrity": "sha512-qddWullt3sC1EIpfHvCRBq3H4g3L86DZpD6n8k2XFjFVyp01D++uNbN1hT/JRsHxTbyyemZcpwL5aRlJwc/zFw==",
            "cpu": [
                "x64"
            ],
            "dev": true,
            "optional": true,
            "os": [
                "win32"
            ],
            "engines": {
                "node": ">=12"
            }
        },
        "node_modules/@types/file-saver": {
            "version": "2.0.6",
            "resolved": "https://registry.npmjs.org/@types/file-saver/-/file-saver-2.0.6.tgz",
            "integrity": "sha512-Mw671DVqoMHbjw0w4v2iiOro01dlT/WhWp5uwecBa0Wg8c+bcZOjgF1ndBnlaxhtvFCgTRBtsGivSVhrK/vnag==",
            "dev": true
        },
        "node_modules/@types/node": {
            "version": "20.8.9",
            "resolved": "https://registry.npmjs.org/@types/node/-/node-20.8.9.tgz",
            "integrity": "sha512-UzykFsT3FhHb1h7yD4CA4YhBHq545JC0YnEz41xkipN88eKQtL6rSgocL5tbAP6Ola9Izm/Aw4Ora8He4x0BHg==",
            "dev": true,
            "dependencies": {
                "undici-types": "~5.26.4"
            }
        },
        "node_modules/@types/prompt-sync": {
            "version": "4.2.2",
            "resolved": "https://registry.npmjs.org/@types/prompt-sync/-/prompt-sync-4.2.2.tgz",
            "integrity": "sha512-S8GBVdrchd7egtwrWtnhzZ3mFKgwlFpOCsiemzYgd5Bg75SwR5RquDlE7G4ijPbbNtAATpdn/Km3u5PEAnTsAw==",
            "dev": true
        },
        "node_modules/@types/ssh2": {
            "version": "1.11.15",
            "resolved": "https://registry.npmjs.org/@types/ssh2/-/ssh2-1.11.15.tgz",
            "integrity": "sha512-QFPpT9Gamh+oOKWH6uDUxe8izo8NaCJaN5HdYcbCIiS3hs7fB65KAfyGWBVXaXxXLj7IhFam5Q/ZxQ4eIPc/1Q==",
            "dependencies": {
                "@types/node": "^18.11.18"
            }
        },
        "node_modules/@types/ssh2/node_modules/@types/node": {
            "version": "18.18.7",
            "resolved": "https://registry.npmjs.org/@types/node/-/node-18.18.7.tgz",
            "integrity": "sha512-bw+lEsxis6eqJYW8Ql6+yTqkE6RuFtsQPSe5JxXbqYRFQEER5aJA9a5UH9igqDWm3X4iLHIKOHlnAXLM4mi7uQ==",
            "dependencies": {
                "undici-types": "~5.26.4"
            }
        },
        "node_modules/ansi-regex": {
            "version": "4.1.1",
            "resolved": "https://registry.npmjs.org/ansi-regex/-/ansi-regex-4.1.1.tgz",
            "integrity": "sha512-ILlv4k/3f6vfQ4OoP2AGvirOktlQ98ZEL1k9FaQjxa3L1abBgbuTDAdPOpvbGncC0BTVQrl+OM8xZGK6tWXt7g==",
            "engines": {
                "node": ">=6"
            }
        },
        "node_modules/asn1": {
            "version": "0.2.6",
            "resolved": "https://registry.npmjs.org/asn1/-/asn1-0.2.6.tgz",
            "integrity": "sha512-ix/FxPn0MDjeyJ7i/yoHGFt/EX6LyNbxSEhPPXODPL+KB0VPk86UYfL0lMdy+KCnv+fmvIzySwaK5COwqVbWTQ==",
            "dependencies": {
                "safer-buffer": "~2.1.0"
            }
        },
        "node_modules/bcrypt-pbkdf": {
            "version": "1.0.2",
            "resolved": "https://registry.npmjs.org/bcrypt-pbkdf/-/bcrypt-pbkdf-1.0.2.tgz",
            "integrity": "sha512-qeFIXtP4MSoi6NLqO12WfqARWWuCKi2Rn/9hJLEmtB5yTNr9DqFWkJRCf2qShWzPeAMRnOgCrq0sg/KLv5ES9w==",
            "dependencies": {
                "tweetnacl": "^0.14.3"
            }
        },
        "node_modules/buildcheck": {
            "version": "0.0.6",
            "resolved": "https://registry.npmjs.org/buildcheck/-/buildcheck-0.0.6.tgz",
            "integrity": "sha512-8f9ZJCUXyT1M35Jx7MkBgmBMo3oHTTBIPLiY9xyL0pl3T5RwcPEY8cUHr5LBNfu/fk6c2T4DJZuVM/8ZZT2D2A==",
            "optional": true,
            "engines": {
                "node": ">=10.0.0"
            }
        },
        "node_modules/chalk": {
            "version": "5.3.0",
            "resolved": "https://registry.npmjs.org/chalk/-/chalk-5.3.0.tgz",
            "integrity": "sha512-dLitG79d+GV1Nb/VYcCDFivJeK1hiukt9QjRNVOsUtTy1rR1YJsmpGGTZ3qJos+uw7WmWF4wUwBd9jxjocFC2w==",
            "engines": {
                "node": "^12.17.0 || ^14.13 || >=16.0.0"
            },
            "funding": {
                "url": "https://github.com/chalk/chalk?sponsor=1"
            }
        },
        "node_modules/core-util-is": {
            "version": "1.0.3",
            "resolved": "https://registry.npmjs.org/core-util-is/-/core-util-is-1.0.3.tgz",
            "integrity": "sha512-ZQBvi1DcpJ4GDqanjucZ2Hj3wEO5pZDS89BWbkcrvdxksJorwUDDZamX9ldFkp9aw2lmBDLgkObEA4DWNJ9FYQ=="
        },
        "node_modules/cpu-features": {
            "version": "0.0.9",
            "resolved": "https://registry.npmjs.org/cpu-features/-/cpu-features-0.0.9.tgz",
            "integrity": "sha512-AKjgn2rP2yJyfbepsmLfiYcmtNn/2eUvocUyM/09yB0YDiz39HteK/5/T4Onf0pmdYDMgkBoGvRLvEguzyL7wQ==",
            "hasInstallScript": true,
            "optional": true,
            "dependencies": {
                "buildcheck": "~0.0.6",
                "nan": "^2.17.0"
            },
            "engines": {
                "node": ">=10.0.0"
            }
        },
        "node_modules/esbuild": {
            "version": "0.16.10",
            "resolved": "https://registry.npmjs.org/esbuild/-/esbuild-0.16.10.tgz",
            "integrity": "sha512-z5dIViHoVnw2l+NCJ3zj5behdXjYvXne9gL18OOivCadXDUhyDkeSvEtLcGVAJW2fNmh33TDUpsi704XYlDodw==",
            "dev": true,
            "hasInstallScript": true,
            "bin": {
                "esbuild": "bin/esbuild"
            },
            "engines": {
                "node": ">=12"
            },
            "optionalDependencies": {
                "@esbuild/android-arm": "0.16.10",
                "@esbuild/android-arm64": "0.16.10",
                "@esbuild/android-x64": "0.16.10",
                "@esbuild/darwin-arm64": "0.16.10",
                "@esbuild/darwin-x64": "0.16.10",
                "@esbuild/freebsd-arm64": "0.16.10",
                "@esbuild/freebsd-x64": "0.16.10",
                "@esbuild/linux-arm": "0.16.10",
                "@esbuild/linux-arm64": "0.16.10",
                "@esbuild/linux-ia32": "0.16.10",
                "@esbuild/linux-loong64": "0.16.10",
                "@esbuild/linux-mips64el": "0.16.10",
                "@esbuild/linux-ppc64": "0.16.10",
                "@esbuild/linux-riscv64": "0.16.10",
                "@esbuild/linux-s390x": "0.16.10",
                "@esbuild/linux-x64": "0.16.10",
                "@esbuild/netbsd-x64": "0.16.10",
                "@esbuild/openbsd-x64": "0.16.10",
                "@esbuild/sunos-x64": "0.16.10",
                "@esbuild/win32-arm64": "0.16.10",
                "@esbuild/win32-ia32": "0.16.10",
                "@esbuild/win32-x64": "0.16.10"
            }
        },
        "node_modules/file-saver": {
            "version": "2.0.5",
            "resolved": "https://registry.npmjs.org/file-saver/-/file-saver-2.0.5.tgz",
            "integrity": "sha512-P9bmyZ3h/PRG+Nzga+rbdI4OEpNDzAVyy74uVO9ATgzLK6VtAsYybF/+TOCvrc0MO793d6+42lLyZTw7/ArVzA=="
        },
        "node_modules/ignore": {
            "version": "5.2.4",
            "resolved": "https://registry.npmjs.org/ignore/-/ignore-5.2.4.tgz",
            "integrity": "sha512-MAb38BcSbH0eHNBxn7ql2NH/kX33OkB3lZ1BNdh7ENeRChHTYsTvWrMubiIAMNS2llXEEgZ1MUOBtXChP3kaFQ==",
            "dev": true,
            "engines": {
                "node": ">= 4"
            }
        },
        "node_modules/immediate": {
            "version": "3.0.6",
            "resolved": "https://registry.npmjs.org/immediate/-/immediate-3.0.6.tgz",
            "integrity": "sha512-XXOFtyqDjNDAQxVfYxuF7g9Il/IbWmmlQg2MYKOH8ExIT1qg6xc4zyS3HaEEATgs1btfzxq15ciUiY7gjSXRGQ=="
        },
        "node_modules/inherits": {
            "version": "2.0.4",
            "resolved": "https://registry.npmjs.org/inherits/-/inherits-2.0.4.tgz",
            "integrity": "sha512-k/vGaX4/Yla3WzyMCvTQOXYeIHvqOKtnqBduzTHpzpQZzAskKMhZ2K+EnBiSM9zGSoIFeMpXKxa4dYeZIQqewQ=="
        },
        "node_modules/is-stream": {
            "version": "2.0.1",
            "resolved": "https://registry.npmjs.org/is-stream/-/is-stream-2.0.1.tgz",
            "integrity": "sha512-hFoiJiTl63nn+kstHGBtewWSKnQLpyb155KHheA1l39uvtO9nWIop1p3udqPcUd/xbF1VLMO4n7OI6p7RbngDg==",
            "engines": {
                "node": ">=8"
            },
            "funding": {
                "url": "https://github.com/sponsors/sindresorhus"
            }
        },
        "node_modules/isarray": {
            "version": "1.0.0",
            "resolved": "https://registry.npmjs.org/isarray/-/isarray-1.0.0.tgz",
            "integrity": "sha512-VLghIWNM6ELQzo7zwmcg0NmTVyWKYjvIeM83yjp0wRDTmUnrM678fQbcKBo6n2CJEF0szoG//ytg+TKla89ALQ=="
        },
        "node_modules/jszip": {
            "version": "3.10.1",
            "resolved": "https://registry.npmjs.org/jszip/-/jszip-3.10.1.tgz",
            "integrity": "sha512-xXDvecyTpGLrqFrvkrUSoxxfJI5AH7U8zxxtVclpsUtMCq4JQ290LY8AW5c7Ggnr/Y/oK+bQMbqK2qmtk3pN4g==",
            "dependencies": {
                "lie": "~3.3.0",
                "pako": "~1.0.2",
                "readable-stream": "~2.3.6",
                "setimmediate": "^1.0.5"
            }
        },
        "node_modules/lie": {
            "version": "3.3.0",
            "resolved": "https://registry.npmjs.org/lie/-/lie-3.3.0.tgz",
            "integrity": "sha512-UaiMJzeWRlEujzAuw5LokY1L5ecNQYZKfmyZ9L7wDHb/p5etKaxXhohBcrw0EYby+G/NA52vRSN4N39dxHAIwQ==",
            "dependencies": {
                "immediate": "~3.0.5"
            }
        },
        "node_modules/make-dir": {
            "version": "3.1.0",
            "resolved": "https://registry.npmjs.org/make-dir/-/make-dir-3.1.0.tgz",
            "integrity": "sha512-g3FeP20LNwhALb/6Cz6Dd4F2ngze0jz7tbzrD2wAV+o9FeNHe4rL+yK2md0J/fiSf1sa1ADhXqi5+oVwOM/eGw==",
            "dependencies": {
                "semver": "^6.0.0"
            },
            "engines": {
                "node": ">=8"
            },
            "funding": {
                "url": "https://github.com/sponsors/sindresorhus"
            }
        },
        "node_modules/nan": {
            "version": "2.18.0",
            "resolved": "https://registry.npmjs.org/nan/-/nan-2.18.0.tgz",
            "integrity": "sha512-W7tfG7vMOGtD30sHoZSSc/JVYiyDPEyQVso/Zz+/uQd0B0L46gtC+pHha5FFMRpil6fm/AoEcRWyOVi4+E/f8w==",
            "optional": true
        },
        "node_modules/node-ssh": {
            "version": "13.1.0",
            "resolved": "https://registry.npmjs.org/node-ssh/-/node-ssh-13.1.0.tgz",
            "integrity": "sha512-GLcw49yFd9+rUpP+FgX6wrF/N90cmuDl2n0i8d3L828b6riRjkb9w3SS+XvviRWbrAhLxuMKywFqxvQDZQ1bug==",
            "dependencies": {
                "@types/ssh2": "^1.11.9",
                "is-stream": "^2.0.0",
                "make-dir": "^3.1.0",
                "sb-promise-queue": "^2.1.0",
                "sb-scandir": "^3.1.0",
                "shell-escape": "^0.2.0",
                "ssh2": "^1.11.0"
            },
            "engines": {
                "node": ">= 10"
            }
        },
        "node_modules/pako": {
            "version": "1.0.11",
            "resolved": "https://registry.npmjs.org/pako/-/pako-1.0.11.tgz",
            "integrity": "sha512-4hLB8Py4zZce5s4yd9XzopqwVv/yGNhV1Bl8NTmCq1763HeK2+EwVTv+leGeL13Dnh2wfbqowVPXCIO0z4taYw=="
        },
        "node_modules/php-parser": {
            "version": "3.1.5",
            "resolved": "https://registry.npmjs.org/php-parser/-/php-parser-3.1.5.tgz",
            "integrity": "sha512-jEY2DcbgCm5aclzBdfW86GM6VEIWcSlhTBSHN1qhJguVePlYe28GhwS0yoeLYXpM2K8y6wzLwrbq814n2PHSoQ==",
            "dev": true
        },
        "node_modules/process-nextick-args": {
            "version": "2.0.1",
            "resolved": "https://registry.npmjs.org/process-nextick-args/-/process-nextick-args-2.0.1.tgz",
            "integrity": "sha512-3ouUOpQhtgrbOa17J7+uxOTpITYWaGP7/AhoR3+A+/1e9skrzelGi/dXzEYyvbxubEF6Wn2ypscTKiKJFFn1ag=="
        },
        "node_modules/prompt-sync": {
            "version": "4.2.0",
            "resolved": "https://registry.npmjs.org/prompt-sync/-/prompt-sync-4.2.0.tgz",
            "integrity": "sha512-BuEzzc5zptP5LsgV5MZETjDaKSWfchl5U9Luiu8SKp7iZWD5tZalOxvNcZRwv+d2phNFr8xlbxmFNcRKfJOzJw==",
            "dependencies": {
                "strip-ansi": "^5.0.0"
            }
        },
        "node_modules/readable-stream": {
            "version": "2.3.8",
            "resolved": "https://registry.npmjs.org/readable-stream/-/readable-stream-2.3.8.tgz",
            "integrity": "sha512-8p0AUk4XODgIewSi0l8Epjs+EVnWiK7NoDIEGU0HhE7+ZyY8D1IMY7odu5lRrFXGg71L15KG8QrPmum45RTtdA==",
            "dependencies": {
                "core-util-is": "~1.0.0",
                "inherits": "~2.0.3",
                "isarray": "~1.0.0",
                "process-nextick-args": "~2.0.0",
                "safe-buffer": "~5.1.1",
                "string_decoder": "~1.1.1",
                "util-deprecate": "~1.0.1"
            }
        },
        "node_modules/safe-buffer": {
            "version": "5.1.2",
            "resolved": "https://registry.npmjs.org/safe-buffer/-/safe-buffer-5.1.2.tgz",
            "integrity": "sha512-Gd2UZBJDkXlY7GbJxfsE8/nvKkUEU1G38c1siN6QP6a9PT9MmHB8GnpscSmMJSoF8LOIrt8ud/wPtojys4G6+g=="
        },
        "node_modules/safer-buffer": {
            "version": "2.1.2",
            "resolved": "https://registry.npmjs.org/safer-buffer/-/safer-buffer-2.1.2.tgz",
            "integrity": "sha512-YZo3K82SD7Riyi0E1EQPojLz7kpepnSQI9IyPbHHg1XXXevb5dJI7tpyN2ADxGcQbHG7vcyRHk0cbwqcQriUtg=="
        },
        "node_modules/sb-promise-queue": {
            "version": "2.1.0",
            "resolved": "https://registry.npmjs.org/sb-promise-queue/-/sb-promise-queue-2.1.0.tgz",
            "integrity": "sha512-zwq4YuP1FQFkGx2Q7GIkZYZ6PqWpV+bg0nIO1sJhWOyGyhqbj0MsTvK6lCFo5TQwX5pZr6SCQ75e8PCDCuNvkg==",
            "engines": {
                "node": ">= 8"
            }
        },
        "node_modules/sb-scandir": {
            "version": "3.1.0",
            "resolved": "https://registry.npmjs.org/sb-scandir/-/sb-scandir-3.1.0.tgz",
            "integrity": "sha512-70BVm2xz9jn94zSQdpvYrEG101/UV9TVGcfWr9T5iob3QhCK4lYXeculfBqPGFv3XTeKgx4dpWyYIDeZUqo4kg==",
            "dependencies": {
                "sb-promise-queue": "^2.1.0"
            },
            "engines": {
                "node": ">= 8"
            }
        },
        "node_modules/semver": {
            "version": "6.3.1",
            "resolved": "https://registry.npmjs.org/semver/-/semver-6.3.1.tgz",
            "integrity": "sha512-BR7VvDCVHO+q2xBEWskxS6DJE1qRnb7DxzUrogb71CWoSficBxYsiAGd+Kl0mmq/MprG9yArRkyrQxTO6XjMzA==",
            "bin": {
                "semver": "bin/semver.js"
            }
        },
        "node_modules/setimmediate": {
            "version": "1.0.5",
            "resolved": "https://registry.npmjs.org/setimmediate/-/setimmediate-1.0.5.tgz",
            "integrity": "sha512-MATJdZp8sLqDl/68LfQmbP8zKPLQNV6BIZoIgrscFDQ+RsvK/BxeDQOgyxKKoh0y/8h3BqVFnCqQ/gd+reiIXA=="
        },
        "node_modules/shell-escape": {
            "version": "0.2.0",
            "resolved": "https://registry.npmjs.org/shell-escape/-/shell-escape-0.2.0.tgz",
            "integrity": "sha512-uRRBT2MfEOyxuECseCZd28jC1AJ8hmqqneWQ4VWUTgCAFvb3wKU1jLqj6egC4Exrr88ogg3dp+zroH4wJuaXzw=="
        },
        "node_modules/ssh2": {
            "version": "1.14.0",
            "resolved": "https://registry.npmjs.org/ssh2/-/ssh2-1.14.0.tgz",
            "integrity": "sha512-AqzD1UCqit8tbOKoj6ztDDi1ffJZ2rV2SwlgrVVrHPkV5vWqGJOVp5pmtj18PunkPJAuKQsnInyKV+/Nb2bUnA==",
            "hasInstallScript": true,
            "dependencies": {
                "asn1": "^0.2.6",
                "bcrypt-pbkdf": "^1.0.2"
            },
            "engines": {
                "node": ">=10.16.0"
            },
            "optionalDependencies": {
                "cpu-features": "~0.0.8",
                "nan": "^2.17.0"
            }
        },
        "node_modules/string_decoder": {
            "version": "1.1.1",
            "resolved": "https://registry.npmjs.org/string_decoder/-/string_decoder-1.1.1.tgz",
            "integrity": "sha512-n/ShnvDi6FHbbVfviro+WojiFzv+s8MPMHBczVePfUpDJLwoLT0ht1l4YwBCbi8pJAveEEdnkHyPyTP/mzRfwg==",
            "dependencies": {
                "safe-buffer": "~5.1.0"
            }
        },
        "node_modules/strip-ansi": {
            "version": "5.2.0",
            "resolved": "https://registry.npmjs.org/strip-ansi/-/strip-ansi-5.2.0.tgz",
            "integrity": "sha512-DuRs1gKbBqsMKIZlrffwlug8MHkcnpjs5VPmL1PAh+mA30U0DTotfDZ0d2UUsXpPmPmMMJ6W773MaA3J+lbiWA==",
            "dependencies": {
                "ansi-regex": "^4.1.0"
            },
            "engines": {
                "node": ">=6"
            }
        },
        "node_modules/tweetnacl": {
            "version": "0.14.5",
            "resolved": "https://registry.npmjs.org/tweetnacl/-/tweetnacl-0.14.5.tgz",
            "integrity": "sha512-KXXFFdAbFXY4geFIwoyNK+f5Z1b7swfXABfL7HXCmoIWMKU3dmS26672A4EeQtDzLKy7SXmfBu51JolvEKwtGA=="
        },
        "node_modules/typescript": {
            "version": "5.2.2",
            "resolved": "https://registry.npmjs.org/typescript/-/typescript-5.2.2.tgz",
            "integrity": "sha512-mI4WrpHsbCIcwT9cF4FZvr80QUeKvsUsUvKDoR+X/7XHQH98xYD8YHZg7ANtz2GtZt/CBq2QJ0thkGJMHfqc1w==",
            "bin": {
                "tsc": "bin/tsc",
                "tsserver": "bin/tsserver"
            },
            "engines": {
                "node": ">=14.17"
            }
        },
        "node_modules/undici-types": {
            "version": "5.26.5",
            "resolved": "https://registry.npmjs.org/undici-types/-/undici-types-5.26.5.tgz",
            "integrity": "sha512-JlCMO+ehdEIKqlFxk6IfVoAUVmgz7cU7zD/h9XZ0qzeosSHmUJVOzSQvvYSYWXkFXC+IfLKSIffhv0sVZup6pA=="
        },
        "node_modules/util-deprecate": {
            "version": "1.0.2",
            "resolved": "https://registry.npmjs.org/util-deprecate/-/util-deprecate-1.0.2.tgz",
            "integrity": "sha512-EPD5q1uXyFxJpCrLnCc1nHnq3gOa6DZBocAIiI2TaSCA7VCJ1UJDMagCzIkXNsUYfD1daK//LTEQ8xiIbrHtcw=="
        }
    }
}
